
Microsoft Visual Studio Solution File, Format Version 12.00
# Visual Studio Version 16
VisualStudioVersion = 16.0.30204.135
MinimumVisualStudioVersion = 10.0.40219.1
Project("{FAE04EC0-301F-11D3-BF4B-00C04F79EFBC}") = "TTBlog.Web", "TTBlog.Web\TTBlog.Web.csproj", "{81309532-3FA7-4D2C-912F-4300F382FAE4}"
EndProject
Global
	GlobalSection(SolutionConfigurationPlatforms) = preSolution
		Debug|Any CPU = Debug|Any CPU
		Release|Any CPU = Release|Any CPU
	EndGlobalSection
	GlobalSection(ProjectConfigurationPlatforms) = postSolution
		{81309532-3FA7-4D2C-912F-4300F382FAE4}.Debug|Any CPU.ActiveCfg = Debug|Any CPU
		{81309532-3FA7-4D2C-912F-4300F382FAE4}.Debug|Any CPU.Build.0 = Debug|Any CPU
		{81309532-3FA7-4D2C-912F-4300F382FAE4}.Release|Any CPU.ActiveCfg = Release|Any CPU
		{81309532-3FA7-4D2C-912F-4300F382FAE4}.Release|Any CPU.Build.0 = Release|Any CPU
	EndGlobalSection
	GlobalSection(SolutionProperties) = preSolution
		HideSolutionNode = FALSE
	EndGlobalSection
	GlobalSection(ExtensibilityGlobals) = postSolution
		SolutionGuid = {AC6E10CD-8400-496E-B0CA-F45641DD6425}
	EndGlobalSection
EndGlobal
